
Microsoft Visual Studio Solution File, Format Version 12.00
# Visual Studio Version 17
VisualStudioVersion = 17.7.34302.85
MinimumVisualStudioVersion = 10.0.40219.1
Project("{9A19103F-16F7-4668-BE54-9A1E7A4F7556}") = "TestProject.UI", "TestProject.UI\TestProject.UI.csproj", "{CA916D25-047C-4770-AC39-2972521C791F}"
EndProject
Project("{9A19103F-16F7-4668-BE54-9A1E7A4F7556}") = "TestProject.Services", "TestProject.Services\TestProject.Services.csproj", "{DF4ACA23-EA5A-47CF-855D-E2ADC17FD497}"
EndProject
Project("{9A19103F-16F7-4668-BE54-9A1E7A4F7556}") = "TestProject.Domain", "TestProject.Domain\TestProject.Domain.csproj", "{D3D40E32-132E-4F47-AB7E-6DF3CBB280B8}"
EndProject
Global
	GlobalSection(SolutionConfigurationPlatforms) = preSolution
		Debug|Any CPU = Debug|Any CPU
		Release|Any CPU = Release|Any CPU
	EndGlobalSection
	GlobalSection(ProjectConfigurationPlatforms) = postSolution
		{CA916D25-047C-4770-AC39-2972521C791F}.Debug|Any CPU.ActiveCfg = Debug|Any CPU
		{CA916D25-047C-4770-AC39-2972521C791F}.Debug|Any CPU.Build.0 = Debug|Any CPU
		{CA916D25-047C-4770-AC39-2972521C791F}.Release|Any CPU.ActiveCfg = Release|Any CPU
		{CA916D25-047C-4770-AC39-2972521C791F}.Release|Any CPU.Build.0 = Release|Any CPU
		{DF4ACA23-EA5A-47CF-855D-E2ADC17FD497}.Debug|Any CPU.ActiveCfg = Debug|Any CPU
		{DF4ACA23-EA5A-47CF-855D-E2ADC17FD497}.Debug|Any CPU.Build.0 = Debug|Any CPU
		{DF4ACA23-EA5A-47CF-855D-E2ADC17FD497}.Release|Any CPU.ActiveCfg = Release|Any CPU
		{DF4ACA23-EA5A-47CF-855D-E2ADC17FD497}.Release|Any CPU.Build.0 = Release|Any CPU
		{D3D40E32-132E-4F47-AB7E-6DF3CBB280B8}.Debug|Any CPU.ActiveCfg = Debug|Any CPU
		{D3D40E32-132E-4F47-AB7E-6DF3CBB280B8}.Debug|Any CPU.Build.0 = Debug|Any CPU
		{D3D40E32-132E-4F47-AB7E-6DF3CBB280B8}.Release|Any CPU.ActiveCfg = Release|Any CPU
		{D3D40E32-132E-4F47-AB7E-6DF3CBB280B8}.Release|Any CPU.Build.0 = Release|Any CPU
	EndGlobalSection
	GlobalSection(SolutionProperties) = preSolution
		HideSolutionNode = FALSE
	EndGlobalSection
	GlobalSection(ExtensibilityGlobals) = postSolution
		SolutionGuid = {1B21F609-B266-4693-A890-5633EF52B2C9}
	EndGlobalSection
EndGlobal
